// !$*UTF8*$!
{
	archiveVersion = 1;
	classes = {
	};
	objectVersion = 46;
	objects = {

/* Begin PBXBuildFile section */
		8B6F52551B5E336A00BF9899 /* main.c in Sources */ = {isa = PBXBuildFile; fileRef = 8B6F52541B5E336A00BF9899 /* main.c */; };
		8B6F525D1B5E33AD00BF9899 /* kaibun.c in Sources */ = {isa = PBXBuildFile; fileRef = 8B6F525B1B5E33AD00BF9899 /* kaibun.c */; };
/* End PBXBuildFile section */

/* Begin PBXCopyFilesBuildPhase section */
		8B6F524F1B5E336A00BF9899 /* CopyFiles */ = {
			isa = PBXCopyFilesBuildPhase;
			buildActionMask = 2147483647;
			dstPath = /usr/share/man/man1/;
			dstSubfolderSpec = 0;
			files = (
			);
			runOnlyForDeploymentPostprocessing = 1;
		};
/* End PBXCopyFilesBuildPhase section */

/* Begin PBXFileReference section */
		8B6F52511B5E336A00BF9899 /* kaibun */ = {isa = PBXFileReference; explicitFileType = "compiled.mach-o.executable"; includeInIndex = 0; path = kaibun; sourceTree = BUILT_PRODUCTS_DIR; };
		8B6F52541B5E336A00BF9899 /* main.c */ = {isa = PBXFileReference; lastKnownFileType = sourcecode.c.c; path = main.c; sourceTree = "<group>"; };
		8B6F525B1B5E33AD00BF9899 /* kaibun.c */ = {isa = PBXFileReference; fileEncoding = 4; lastKnownFileType = sourcecode.c.c; path = kaibun.c; sourceTree = "<group>"; };
		8B6F525C1B5E33AD00BF9899 /* kaibun.h */ = {isa = PBXFileReference; fileEncoding = 4; lastKnownFileType = sourcecode.c.h; path = kaibun.h; sourceTree = "<group>"; };
/* End PBXFileReference section */

/* Begin PBXFrameworksBuildPhase section */
		8B6F524E1B5E336A00BF9899 /* Frameworks */ = {
			isa = PBXFrameworksBuildPhase;
			buildActionMask = 2147483647;
			files = (
			);
			runOnlyForDeploymentPostprocessing = 0;
		};
/* End PBXFrameworksBuildPhase section */

/* Begin PBXGroup section */
		8B6F52481B5E336A00BF9899 = {
			isa = PBXGroup;
			children = (
				8B6F52531B5E336A00BF9899 /* kaibun */,
				8B6F52521B5E336A00BF9899 /* Products */,
			);
			sourceTree = "<group>";
		};
		8B6F52521B5E336A00BF9899 /* Products */ = {
			isa = PBXGroup;
			children = (
				8B6F52511B5E336A00BF9899 /* kaibun */,
			);
			name = Products;
			sourceTree = "<group>";
		};
		8B6F52531B5E336A00BF9899 /* kaibun */ = {
			isa = PBXGroup;
			children = (
				8B6F52541B5E336A00BF9899 /* main.c */,
				8B6F525B1B5E33AD00BF9899 /* kaibun.c */,
				8B6F525C1B5E33AD00BF9899 /* kaibun.h */,
			);
			path = kaibun;
			sourceTree = "<group>";
		};
/* End PBXGroup section */

/* Begin PBXNativeTarget section */
		8B6F52501B5E336A00BF9899 /* kaibun */ = {
			isa = PBXNativeTarget;
			buildConfigurationList = 8B6F52581B5E336A00BF9899 /* Build configuration list for PBXNativeTarget "kaibun" */;
			buildPhases = (
				8B6F524D1B5E336A00BF9899 /* Sources */,
				8B6F524E1B5E336A00BF9899 /* Frameworks */,
				8B6F524F1B5E336A00BF9899 /* CopyFiles */,
			);
			buildRules = (
			);
			dependencies = (
			);
			name = kaibun;
			productName = kaibun;
			productReference = 8B6F52511B5E336A00BF9899 /* kaibun */;
			productType = "com.apple.product-type.tool";
		};
/* End PBXNativeTarget section */

/* Begin PBXProject section */
		8B6F52491B5E336A00BF9899 /* Project object */ = {
			isa = PBXProject;
			attributes = {
				LastUpgradeCheck = 0640;
				ORGANIZATIONNAME = "向日葵会下雨";
				TargetAttributes = {
					8B6F52501B5E336A00BF9899 = {
						CreatedOnToolsVersion = 6.4;
					};
				};
			};
			buildConfigurationList = 8B6F524C1B5E336A00BF9899 /* Build configuration list for PBXProject "kaibun" */;
			compatibilityVersion = "Xcode 3.2";
			developmentRegion = English;
			hasScannedForEncodings = 0;
			knownRegions = (
				en,
			);
			mainGroup = 8B6F52481B5E336A00BF9899;
			productRefGroup = 8B6F52521B5E336A00BF9899 /* Products */;
			projectDirPath = "";
			projectRoot = "";
			targets = (
				8B6F52501B5E336A00BF9899 /* kaibun */,
			);
		};
/* End PBXProject section */

/* Begin PBXSourcesBuildPhase section */
		8B6F524D1B5E336A00BF9899 /* Sources */ = {
			isa = PBXSourcesBuildPhase;
			buildActionMask = 2147483647;
			files = (
				8B6F52551B5E336A00BF9899 /* main.c in Sources */,
				8B6F525D1B5E33AD00BF9899 /* kaibun.c in Sources */,
			);
			runOnlyForDeploymentPostprocessing = 0;
		};
/* End PBXSourcesBuildPhase section */

/* Begin XCBuildConfiguration section */
		8B6F52561B5E336A00BF9899 /* Debug */ = {
			isa = XCBuildConfiguration;
			buildSettings = {
				ALWAYS_SEARCH_USER_PATHS = NO;
				CLANG_CXX_LANGUAGE_STANDARD = "gnu++0x";
				CLANG_CXX_LIBRARY = "libc++";
				CLANG_ENABLE_MODULES = YES;
				CLANG_ENABLE_OBJC_ARC = YES;
				CLANG_WARN_BOOL_CONVERSION = YES;
				CLANG_WARN_CONSTANT_CONVERSION = YES;
				CLANG_WARN_DIRECT_OBJC_ISA_USAGE = YES_ERROR;
				CLANG_WARN_EMPTY_BODY = YES;
				CLANG_WARN_ENUM_CONVERSION = YES;
				CLANG_WARN_INT_CONVERSION = YES;
				CLANG_WARN_OBJC_ROOT_CLASS = YES_ERROR;
				CLANG_WARN_UNREACHABLE_CODE = YES;
				CLANG_WARN__DUPLICATE_METHOD_MATCH = YES;
				COPY_PHASE_STRIP = NO;
				DEBUG_INFORMATION_FORMAT = dwarf;
				ENABLE_STRICT_OBJC_MSGSEND = YES;
				GCC_C_LANGUAGE_STANDARD = gnu99;
				GCC_DYNAMIC_NO_PIC = NO;
				GCC_NO_COMMON_BLOCKS = YES;
				GCC_OPTIMIZATION_LEVEL = 0;
				GCC_PREPROCESSOR_DEFINITIONS = (
					"DEBUG=1",
					"$(inherited)",
				);
				GCC_SYMBOLS_PRIVATE_EXTERN = NO;
				GCC_WARN_64_TO_32_BIT_CONVERSION = YES;
				GCC_WARN_ABOUT_RETURN_TYPE = YES_ERROR;
				GCC_WARN_UNDECLARED_SELECTOR = YES;
				GCC_WARN_UNINITIALIZED_AUTOS = YES_AGGRESSIVE;
				GCC_WARN_UNUSED_FUNCTION = YES;
				GCC_WARN_UNUSED_VARIABLE = YES;
				MACOSX_DEPLOYMENT_TARGET = 10.10;
				MTL_ENABLE_DEBUG_INFO = YES;
				ONLY_ACTIVE_ARCH = YES;
				SDKROOT = macosx;
			};
			name = Debug;
		};
		8B6F52571B5E336A00BF9899 /* Release */ = {
			isa = XCBuildConfiguration;
			buildSettings = {
				ALWAYS_SEARCH_USER_PATHS = NO;
				CLANG_CXX_LANGUAGE_STANDARD = "gnu++0x";
				CLANG_CXX_LIBRARY = "libc++";
				CLANG_ENABLE_MODULES = YES;
				CLANG_ENABLE_OBJC_ARC = YES;
				CLANG_WARN_BOOL_CONVERSION = YES;
				CLANG_WARN_CONSTANT_CONVERSION = YES;
				CLANG_WARN_DIRECT_OBJC_ISA_USAGE = YES_ERROR;
				CLANG_WARN_EMPTY_BODY = YES;
				CLANG_WARN_ENUM_CONVERSION = YES;
				CLANG_WARN_INT_CONVERSION = YES;
				CLANG_WARN_OBJC_ROOT_CLASS = YES_ERROR;
				CLANG_WARN_UNREACHABLE_CODE = YES;
				CLANG_WARN__DUPLICATE_METHOD_MATCH = YES;
				COPY_PHASE_STRIP = NO;
				DEBUG_INFORMATION_FORMAT = "dwarf-with-dsym";
				ENABLE_NS_ASSERTIONS = NO;
				ENABLE_STRICT_OBJC_MSGSEND = YES;
				GCC_C_LANGUAGE_STANDARD = gnu99;
				GCC_NO_COMMON_BLOCKS = YES;
				GCC_WARN_64_TO_32_BIT_CONVERSION = YES;
				GCC_WARN_ABOUT_RETURN_TYPE = YES_ERROR;
				GCC_WARN_UNDECLARED_SELECTOR = YES;
				GCC_WARN_UNINITIALIZED_AUTOS = YES_AGGRESSIVE;
				GCC_WARN_UNUSED_FUNCTION = YES;
				GCC_WARN_UNUSED_VARIABLE = YES;
				MACOSX_DEPLOYMENT_TARGET = 10.10;
				MTL_ENABLE_DEBUG_INFO = NO;
				SDKROOT = macosx;
			};
			name = Release;
		};
		8B6F52591B5E336A00BF9899 /* Debug */ = {
			isa = XCBuildConfiguration;
			buildSettings = {
				PRODUCT_NAME = "$(TARGET_NAME)";
			};
			name = Debug;
		};
		8B6F525A1B5E336A00BF9899 /* Release */ = {
			isa = XCBuildConfiguration;
			buildSettings = {
				PRODUCT_NAME = "$(TARGET_NAME)";
			};
			name = Release;
		};
/* End XCBuildConfiguration section */

/* Begin XCConfigurationList section */
		8B6F524C1B5E336A00BF9899 /* Build configuration list for PBXProject "kaibun" */ = {
			isa = XCConfigurationList;
			buildConfigurations = (
				8B6F52561B5E336A00BF9899 /* Debug */,
				8B6F52571B5E336A00BF9899 /* Release */,
			);
			defaultConfigurationIsVisible = 0;
			defaultConfigurationName = Release;
		};
		8B6F52581B5E336A00BF9899 /* Build configuration list for PBXNativeTarget "kaibun" */ = {
			isa = XCConfigurationList;
			buildConfigurations = (
				8B6F52591B5E336A00BF9899 /* Debug */,
				8B6F525A1B5E336A00BF9899 /* Release */,
			);
			defaultConfigurationIsVisible = 0;
		};
/* End XCConfigurationList section */
	};
	rootObject = 8B6F52491B5E336A00BF9899 /* Project object */;
}
